
Microsoft Visual Studio Solution File, Format Version 12.00
# Visual Studio Version 16
VisualStudioVersion = 16.0.30330.147
MinimumVisualStudioVersion = 10.0.40219.1
Project("{9A19103F-16F7-4668-BE54-9A1E7A4F7556}") = "RacingClient", "Client\RacingClient.csproj", "{EC82882F-D148-4BE8-8302-738C05FE4505}"
EndProject
Project("{9A19103F-16F7-4668-BE54-9A1E7A4F7556}") = "RacingServer", "Server\RacingServer.csproj", "{ED1C6EA4-725D-4B61-BB9C-2D119E839C0C}"
EndProject
Project("{2150E333-8FDC-42A3-9474-1A3956D46DE8}") = "Build Targets", "Build Targets", "{F2DA2494-C548-43E5-8E17-AC70CE4F3342}"
	ProjectSection(SolutionItems) = preProject
		Directory.Build.targets = Directory.Build.targets
	EndProjectSection
EndProject
Global
	GlobalSection(SolutionConfigurationPlatforms) = preSolution
		Debug|Any CPU = Debug|Any CPU
		Release|Any CPU = Release|Any CPU
	EndGlobalSection
	GlobalSection(ProjectConfigurationPlatforms) = postSolution
		{EC82882F-D148-4BE8-8302-738C05FE4505}.Debug|Any CPU.ActiveCfg = Debug|Any CPU
		{EC82882F-D148-4BE8-8302-738C05FE4505}.Debug|Any CPU.Build.0 = Debug|Any CPU
		{EC82882F-D148-4BE8-8302-738C05FE4505}.Release|Any CPU.ActiveCfg = Release|Any CPU
		{EC82882F-D148-4BE8-8302-738C05FE4505}.Release|Any CPU.Build.0 = Release|Any CPU
		{ED1C6EA4-725D-4B61-BB9C-2D119E839C0C}.Debug|Any CPU.ActiveCfg = Debug|Any CPU
		{ED1C6EA4-725D-4B61-BB9C-2D119E839C0C}.Debug|Any CPU.Build.0 = Debug|Any CPU
		{ED1C6EA4-725D-4B61-BB9C-2D119E839C0C}.Release|Any CPU.ActiveCfg = Release|Any CPU
		{ED1C6EA4-725D-4B61-BB9C-2D119E839C0C}.Release|Any CPU.Build.0 = Release|Any CPU
	EndGlobalSection
	GlobalSection(SolutionProperties) = preSolution
		HideSolutionNode = FALSE
	EndGlobalSection
	GlobalSection(ExtensibilityGlobals) = postSolution
		SolutionGuid = {C14A05D5-1643-4970-8CC5-FE7794FB2AE8}
	EndGlobalSection
EndGlobal
