
Microsoft Visual Studio Solution File, Format Version 12.00
# Visual Studio Version 16
VisualStudioVersion = 16.0.30330.147
MinimumVisualStudioVersion = 10.0.40219.1
Project("{FAE04EC0-301F-11D3-BF4B-00C04F79EFBC}") = "RacingUI", "RacingUI.csproj", "{1F93665D-4C89-4237-9925-AD3A576E611D}"
EndProject
Global
	GlobalSection(SolutionConfigurationPlatforms) = preSolution
		Debug|Any CPU = Debug|Any CPU
		Release|Any CPU = Release|Any CPU
	EndGlobalSection
	GlobalSection(ProjectConfigurationPlatforms) = postSolution
		{1F93665D-4C89-4237-9925-AD3A576E611D}.Debug|Any CPU.ActiveCfg = Debug|Any CPU
		{1F93665D-4C89-4237-9925-AD3A576E611D}.Debug|Any CPU.Build.0 = Debug|Any CPU
		{1F93665D-4C89-4237-9925-AD3A576E611D}.Release|Any CPU.ActiveCfg = Release|Any CPU
		{1F93665D-4C89-4237-9925-AD3A576E611D}.Release|Any CPU.Build.0 = Release|Any CPU
	EndGlobalSection
	GlobalSection(SolutionProperties) = preSolution
		HideSolutionNode = FALSE
	EndGlobalSection
	GlobalSection(ExtensibilityGlobals) = postSolution
		SolutionGuid = {5F416367-8B0D-42A8-B174-8BAB41FD9E55}
	EndGlobalSection
EndGlobal
